
Microsoft Visual Studio Solution File, Format Version 12.00
# Visual Studio 14
VisualStudioVersion = 14.0.23107.0
MinimumVisualStudioVersion = 10.0.40219.1
Project("{FAE04EC0-301F-11D3-BF4B-00C04F79EFBC}") = "A.Blog.Data.Test", "A.Blog.Data.Test\A.Blog.Data.Test.csproj", "{1EB5BF9B-8001-46E9-9276-F1DC0DBF7994}"
EndProject
Project("{FAE04EC0-301F-11D3-BF4B-00C04F79EFBC}") = "A.Blog.Data.Repository", "A.Blog.Data.Repository\A.Blog.Data.Repository.csproj", "{4CE82E40-F473-4159-89C6-7B75F8AAC318}"
EndProject
Project("{FAE04EC0-301F-11D3-BF4B-00C04F79EFBC}") = "A.Blog.Data", "A.Blog.Data\A.Blog.Data.csproj", "{62B336E2-87EB-407F-9765-5F46E178B438}"
EndProject
Project("{2150E333-8FDC-42A3-9474-1A3956D46DE8}") = "Data", "Data", "{7B1DA645-C29C-4854-B65B-EC4D56DF562A}"
EndProject
Project("{FAE04EC0-301F-11D3-BF4B-00C04F79EFBC}") = "A.Blog.Entity", "A.Blog.Entity\A.Blog.Entity.csproj", "{F1AFEFE4-46B8-43BD-B565-C478770090FC}"
EndProject
Project("{2150E333-8FDC-42A3-9474-1A3956D46DE8}") = "Domain", "Domain", "{F5421213-E915-46AD-B93A-8AE70B43ED0D}"
EndProject
Global
	GlobalSection(SolutionConfigurationPlatforms) = preSolution
		Debug|Any CPU = Debug|Any CPU
		Release|Any CPU = Release|Any CPU
	EndGlobalSection
	GlobalSection(ProjectConfigurationPlatforms) = postSolution
		{1EB5BF9B-8001-46E9-9276-F1DC0DBF7994}.Debug|Any CPU.ActiveCfg = Debug|Any CPU
		{1EB5BF9B-8001-46E9-9276-F1DC0DBF7994}.Debug|Any CPU.Build.0 = Debug|Any CPU
		{1EB5BF9B-8001-46E9-9276-F1DC0DBF7994}.Release|Any CPU.ActiveCfg = Release|Any CPU
		{1EB5BF9B-8001-46E9-9276-F1DC0DBF7994}.Release|Any CPU.Build.0 = Release|Any CPU
		{4CE82E40-F473-4159-89C6-7B75F8AAC318}.Debug|Any CPU.ActiveCfg = Debug|Any CPU
		{4CE82E40-F473-4159-89C6-7B75F8AAC318}.Debug|Any CPU.Build.0 = Debug|Any CPU
		{4CE82E40-F473-4159-89C6-7B75F8AAC318}.Release|Any CPU.ActiveCfg = Release|Any CPU
		{4CE82E40-F473-4159-89C6-7B75F8AAC318}.Release|Any CPU.Build.0 = Release|Any CPU
		{62B336E2-87EB-407F-9765-5F46E178B438}.Debug|Any CPU.ActiveCfg = Debug|Any CPU
		{62B336E2-87EB-407F-9765-5F46E178B438}.Debug|Any CPU.Build.0 = Debug|Any CPU
		{62B336E2-87EB-407F-9765-5F46E178B438}.Release|Any CPU.ActiveCfg = Release|Any CPU
		{62B336E2-87EB-407F-9765-5F46E178B438}.Release|Any CPU.Build.0 = Release|Any CPU
		{F1AFEFE4-46B8-43BD-B565-C478770090FC}.Debug|Any CPU.ActiveCfg = Debug|Any CPU
		{F1AFEFE4-46B8-43BD-B565-C478770090FC}.Debug|Any CPU.Build.0 = Debug|Any CPU
		{F1AFEFE4-46B8-43BD-B565-C478770090FC}.Release|Any CPU.ActiveCfg = Release|Any CPU
		{F1AFEFE4-46B8-43BD-B565-C478770090FC}.Release|Any CPU.Build.0 = Release|Any CPU
	EndGlobalSection
	GlobalSection(SolutionProperties) = preSolution
		HideSolutionNode = FALSE
	EndGlobalSection
	GlobalSection(NestedProjects) = preSolution
		{4CE82E40-F473-4159-89C6-7B75F8AAC318} = {7B1DA645-C29C-4854-B65B-EC4D56DF562A}
		{62B336E2-87EB-407F-9765-5F46E178B438} = {7B1DA645-C29C-4854-B65B-EC4D56DF562A}
		{F1AFEFE4-46B8-43BD-B565-C478770090FC} = {F5421213-E915-46AD-B93A-8AE70B43ED0D}
	EndGlobalSection
EndGlobal
